
Microsoft Visual Studio Solution File, Format Version 12.00
# Visual Studio Version 17
VisualStudioVersion = 17.14.36811.4 d17.14
MinimumVisualStudioVersion = 10.0.40219.1
Project("{FAE04EC0-301F-11D3-BF4B-00C04F79EFBC}") = "Messenger_Prototype", "Messenger_Prototype\Messenger_Prototype.csproj", "{A423809A-587D-4E6C-9DE1-0F63BBFE993E}"
EndProject
Global
	GlobalSection(SolutionConfigurationPlatforms) = preSolution
		Debug|Any CPU = Debug|Any CPU
		Release|Any CPU = Release|Any CPU
	EndGlobalSection
	GlobalSection(ProjectConfigurationPlatforms) = postSolution
		{A423809A-587D-4E6C-9DE1-0F63BBFE993E}.Debug|Any CPU.ActiveCfg = Debug|Any CPU
		{A423809A-587D-4E6C-9DE1-0F63BBFE993E}.Debug|Any CPU.Build.0 = Debug|Any CPU
		{A423809A-587D-4E6C-9DE1-0F63BBFE993E}.Release|Any CPU.ActiveCfg = Release|Any CPU
		{A423809A-587D-4E6C-9DE1-0F63BBFE993E}.Release|Any CPU.Build.0 = Release|Any CPU
	EndGlobalSection
	GlobalSection(SolutionProperties) = preSolution
		HideSolutionNode = FALSE
	EndGlobalSection
	GlobalSection(ExtensibilityGlobals) = postSolution
		SolutionGuid = {B461D9A0-8DE9-4DCB-BFEC-BD62D83C4E3B}
	EndGlobalSection
EndGlobal
